<?xml version="1.0" encoding="utf-8"?>
<Project ToolsVersion="4.0" xmlns="http://schemas.microsoft.com/developer/msbuild/2003">
  <ItemGroup>
    <Filter Include="Source Files">
      <UniqueIdentifier>{4FC737F1-C7A5-4376-A066-2A32D752A2FF}</UniqueIdentifier>
      <Extensions>cpp;c;cc;cxx;def;odl;idl;hpj;bat;asm;asmx</Extensions>
    </Filter>
    <Filter Include="Header Files">
      <UniqueIdentifier>{93995380-89BD-4b04-88EB-625FBE52EBFB}</UniqueIdentifier>
      <Extensions>h;hpp;hxx;hm;inl;inc;xsd</Extensions>
    </Filter>
    <Filter Include="Interfaces">
      <UniqueIdentifier>{7b9afdf2-3b87-4c40-a0ef-07d69cdd2013}</UniqueIdentifier>
    </Filter>
    <Filter Include="JitterBuffer">
      <UniqueIdentifier>{a191bd60-461c-4ea2-ab51-298b7a652f74}</UniqueIdentifier>
    </Filter>
    <Filter Include="JitterBuffer\BitstreamQueue">
      <UniqueIdentifier>{faa135af-b5a9-40d5-acdd-7f14e9e8c229}</UniqueIdentifier>
    </Filter>
    <Filter Include="JitterBuffer\DecoderQueue">
      <UniqueIdentifier>{c4ccb981-c46a-4cae-8e05-e49b4d3839c2}</UniqueIdentifier>
    </Filter>
    <Filter Include="JitterBuffer\RendererQueue">
      <UniqueIdentifier>{c8a2f692-fecc-4033-8630-2a734e95bb33}</UniqueIdentifier>
    </Filter>
  </ItemGroup>
  <ItemGroup>
    <None Include="ReadMe.txt" />
  </ItemGroup>
  <ItemGroup>
    <ClInclude Include="targetver.h">
      <Filter>Header Files</Filter>
    </ClInclude>
    <ClInclude Include="RendererInterface.h">
      <Filter>Interfaces</Filter>
    </ClInclude>
    <ClInclude Include="JitterBufferInterface.h">
      <Filter>Interfaces</Filter>
    </ClInclude>
    <ClInclude Include="DecoderInterface.h">
      <Filter>Interfaces</Filter>
    </ClInclude>
    <ClInclude Include="JitterBuffer.h">
      <Filter>JitterBuffer</Filter>
    </ClInclude>
    <ClInclude Include="BitstreamQueue.h">
      <Filter>JitterBuffer\BitstreamQueue</Filter>
    </ClInclude>
    <ClInclude Include="DecoderQueue.h">
      <Filter>JitterBuffer\DecoderQueue</Filter>
    </ClInclude>
    <ClInclude Include="RendererQueue.h">
      <Filter>JitterBuffer\RendererQueue</Filter>
    </ClInclude>
  </ItemGroup>
  <ItemGroup>
    <ClCompile Include="Main.cpp">
      <Filter>Source Files</Filter>
    </ClCompile>
    <ClCompile Include="JitterBuffer.cpp">
      <Filter>JitterBuffer</Filter>
    </ClCompile>
    <ClCompile Include="BitstreamQueue.cpp">
      <Filter>JitterBuffer\BitstreamQueue</Filter>
    </ClCompile>
    <ClCompile Include="DecoderQueue.cpp">
      <Filter>JitterBuffer\DecoderQueue</Filter>
    </ClCompile>
    <ClCompile Include="RendererQueue.cpp">
      <Filter>JitterBuffer\RendererQueue</Filter>
    </ClCompile>
  </ItemGroup>
</Project>