<?xml version="1.0" encoding="utf-8"?>
<Project ToolsVersion="4.0" xmlns="http://schemas.microsoft.com/developer/msbuild/2003">
  <ItemGroup>
    <Filter Include="Source Files">
      <UniqueIdentifier>{4FC737F1-C7A5-4376-A066-2A32D752A2FF}</UniqueIdentifier>
      <Extensions>cpp;c;cc;cxx;def;odl;idl;hpj;bat;asm;asmx</Extensions>
    </Filter>
    <Filter Include="Header Files">
      <UniqueIdentifier>{93995380-89BD-4b04-88EB-625FBE52EBFB}</UniqueIdentifier>
      <Extensions>h;hpp;hxx;hm;inl;inc;xsd</Extensions>
    </Filter>
    <Filter Include="Interfaces">
      <UniqueIdentifier>{7b9afdf2-3b87-4c40-a0ef-07d69cdd2013}</UniqueIdentifier>
    </Filter>
    <Filter Include="JitterBuffer">
      <UniqueIdentifier>{a191bd60-461c-4ea2-ab51-298b7a652f74}</UniqueIdentifier>
    </Filter>
    <Filter Include="Mocks">
      <UniqueIdentifier>{0dc63e8d-b6fb-4dad-88a6-9d1183f5d4f2}</UniqueIdentifier>
    </Filter>
    <Filter Include="JitterBuffer\Frame">
      <UniqueIdentifier>{dab27f50-3c51-439d-a02e-2ac729efe451}</UniqueIdentifier>
    </Filter>
    <Filter Include="JitterBuffer\LazyBuffer">
      <UniqueIdentifier>{1349dd8b-7fd9-4870-bbe5-8c75e3ebc7aa}</UniqueIdentifier>
    </Filter>
    <Filter Include="JitterBuffer\RenderBuffer">
      <UniqueIdentifier>{e6a36383-1dd1-483f-ba6e-7218beeb05c8}</UniqueIdentifier>
    </Filter>
  </ItemGroup>
  <ItemGroup>
    <None Include="ReadMe.txt" />
  </ItemGroup>
  <ItemGroup>
    <ClInclude Include="targetver.h">
      <Filter>Header Files</Filter>
    </ClInclude>
    <ClInclude Include="RendererInterface.h">
      <Filter>Interfaces</Filter>
    </ClInclude>
    <ClInclude Include="JitterBufferInterface.h">
      <Filter>Interfaces</Filter>
    </ClInclude>
    <ClInclude Include="DecoderInterface.h">
      <Filter>Interfaces</Filter>
    </ClInclude>
    <ClInclude Include="JitterBuffer.h">
      <Filter>JitterBuffer</Filter>
    </ClInclude>
    <ClInclude Include="MockRenderer.h">
      <Filter>Mocks</Filter>
    </ClInclude>
    <ClInclude Include="MockDecoder.h">
      <Filter>Mocks</Filter>
    </ClInclude>
    <ClInclude Include="Frame.h">
      <Filter>JitterBuffer\Frame</Filter>
    </ClInclude>
    <ClInclude Include="LazyBuffer.h">
      <Filter>JitterBuffer\LazyBuffer</Filter>
    </ClInclude>
    <ClInclude Include="RenderBuffer.h">
      <Filter>JitterBuffer\RenderBuffer</Filter>
    </ClInclude>
  </ItemGroup>
  <ItemGroup>
    <ClCompile Include="JitterBuffer.cpp">
      <Filter>JitterBuffer</Filter>
    </ClCompile>
    <ClCompile Include="MockDecoder.cpp">
      <Filter>Mocks</Filter>
    </ClCompile>
    <ClCompile Include="MockRenderer.cpp">
      <Filter>Mocks</Filter>
    </ClCompile>
    <ClCompile Include="Frame.cpp">
      <Filter>JitterBuffer\Frame</Filter>
    </ClCompile>
    <ClCompile Include="LazyBuffer.cpp">
      <Filter>JitterBuffer\LazyBuffer</Filter>
    </ClCompile>
    <ClCompile Include="JitterBufferTest.cpp">
      <Filter>Source Files</Filter>
    </ClCompile>
    <ClCompile Include="RenderBuffer.cpp">
      <Filter>JitterBuffer\RenderBuffer</Filter>
    </ClCompile>
  </ItemGroup>
</Project>