<?xml version="1.0" encoding="utf-8"?>
<Project ToolsVersion="4.0" xmlns="http://schemas.microsoft.com/developer/msbuild/2003">
  <ItemGroup>
    <Filter Include="RenderBuffer">
      <UniqueIdentifier>{f5a5b6a4-af9d-4eb3-b32b-a5f26d8c7028}</UniqueIdentifier>
    </Filter>
  </ItemGroup>
  <ItemGroup>
    <ClInclude Include="RenderBuffer.h">
      <Filter>RenderBuffer</Filter>
    </ClInclude>
  </ItemGroup>
  <ItemGroup>
    <ClCompile Include="RenderBufferTest.cpp" />
    <ClCompile Include="RenderBuffer.cpp">
      <Filter>RenderBuffer</Filter>
    </ClCompile>
  </ItemGroup>
</Project>