<?xml version="1.0" encoding="utf-8"?>
<Project ToolsVersion="4.0" xmlns="http://schemas.microsoft.com/developer/msbuild/2003">
  <ItemGroup>
    <Filter Include="Frame">
      <UniqueIdentifier>{3831d412-f7fa-40aa-a82a-4e6caf92722a}</UniqueIdentifier>
    </Filter>
    <Filter Include="LazyBuffer">
      <UniqueIdentifier>{29ef8f37-9b9d-4aa9-b514-d48d68f22980}</UniqueIdentifier>
    </Filter>
  </ItemGroup>
  <ItemGroup>
    <ClCompile Include="FrameTest.cpp" />
    <ClCompile Include="Frame.cpp">
      <Filter>Frame</Filter>
    </ClCompile>
    <ClCompile Include="..\LazyBuffer\LazyBuffer.cpp">
      <Filter>LazyBuffer</Filter>
    </ClCompile>
  </ItemGroup>
  <ItemGroup>
    <ClInclude Include="Frame.h">
      <Filter>Frame</Filter>
    </ClInclude>
    <ClInclude Include="..\LazyBuffer\LazyBuffer.h">
      <Filter>LazyBuffer</Filter>
    </ClInclude>
  </ItemGroup>
</Project>